
Microsoft Visual Studio Solution File, Format Version 12.00
# Visual Studio Version 17
VisualStudioVersion = 17.2.32526.322
MinimumVisualStudioVersion = 10.0.40219.1
Project("{FAE04EC0-301F-11D3-BF4B-00C04F79EFBC}") = "LogRequestNuget", "LogRequestNuget.csproj", "{DD8E014D-1FB2-4D5E-93D6-27F1919F5FBC}"
EndProject
Global
	GlobalSection(SolutionConfigurationPlatforms) = preSolution
		Debug|Any CPU = Debug|Any CPU
		Release|Any CPU = Release|Any CPU
	EndGlobalSection
	GlobalSection(ProjectConfigurationPlatforms) = postSolution
		{DD8E014D-1FB2-4D5E-93D6-27F1919F5FBC}.Debug|Any CPU.ActiveCfg = Debug|Any CPU
		{DD8E014D-1FB2-4D5E-93D6-27F1919F5FBC}.Debug|Any CPU.Build.0 = Debug|Any CPU
		{DD8E014D-1FB2-4D5E-93D6-27F1919F5FBC}.Release|Any CPU.ActiveCfg = Release|Any CPU
		{DD8E014D-1FB2-4D5E-93D6-27F1919F5FBC}.Release|Any CPU.Build.0 = Release|Any CPU
	EndGlobalSection
	GlobalSection(SolutionProperties) = preSolution
		HideSolutionNode = FALSE
	EndGlobalSection
	GlobalSection(ExtensibilityGlobals) = postSolution
		SolutionGuid = {D3EEF8A5-DE69-4FDC-B5A4-B2ABDE7F8069}
	EndGlobalSection
EndGlobal
